<?xml version="1.0" encoding="utf-8"?>
<Project ToolsVersion="16.0" xmlns="http://schemas.microsoft.com/developer/msbuild/2003">
  <ItemGroup>
    <ClCompile Include="F:\Programming\FlashPoint\main.cpp">
      <Filter>Source Files</Filter>
    </ClCompile>
    <ClCompile Include="Character.cpp">
      <Filter>Source Files</Filter>
    </ClCompile>
  </ItemGroup>
  <ItemGroup>
    <ClInclude Include="F:\Programming\FlashPoint\Application.h">
      <Filter>Header Files</Filter>
    </ClInclude>
    <ClInclude Include="Character.h">
      <Filter>Header Files</Filter>
    </ClInclude>
    <ClInclude Include="Sample.h">
      <Filter>Header Files</Filter>
    </ClInclude>
  </ItemGroup>
  <ItemGroup>
    <CustomBuild Include="F:\Programming\FlashPoint\CMakeLists.txt" />
  </ItemGroup>
  <ItemGroup>
    <None Include="F:\Programming\FlashPoint\bin\CoreData">
      <Filter>Resource Dirs</Filter>
    </None>
    <None Include="F:\Programming\FlashPoint\bin\Data">
      <Filter>Resource Dirs</Filter>
    </None>
    <None Include="Sample.inl">
      <Filter>Source Files</Filter>
    </None>
  </ItemGroup>
  <ItemGroup>
    <Filter Include="Header Files">
      <UniqueIdentifier>{9C5044BB-3958-3CD1-B005-A0D8F4EC4329}</UniqueIdentifier>
    </Filter>
    <Filter Include="Resource Dirs">
      <UniqueIdentifier>{E9DDCFFE-6BFF-3A44-A61D-31DFB81772C6}</UniqueIdentifier>
    </Filter>
    <Filter Include="Source Files">
      <UniqueIdentifier>{70CC2E4F-25B6-3364-B032-F5C494EACF96}</UniqueIdentifier>
    </Filter>
  </ItemGroup>
</Project>